
Microsoft Visual Studio Solution File, Format Version 12.00
# Visual Studio Version 17
VisualStudioVersion = 17.3.32901.215
MinimumVisualStudioVersion = 10.0.40219.1
Project("{F184B08F-C81C-45F6-A57F-5ABD9991F28F}") = "kasirkafe", "kasirkafe\kasirkafe.vbproj", "{5333D0DA-6FD7-496E-B6FE-D0DD41824D83}"
EndProject
Global
	GlobalSection(SolutionConfigurationPlatforms) = preSolution
		Debug|Any CPU = Debug|Any CPU
		Release|Any CPU = Release|Any CPU
	EndGlobalSection
	GlobalSection(ProjectConfigurationPlatforms) = postSolution
		{5333D0DA-6FD7-496E-B6FE-D0DD41824D83}.Debug|Any CPU.ActiveCfg = Debug|Any CPU
		{5333D0DA-6FD7-496E-B6FE-D0DD41824D83}.Debug|Any CPU.Build.0 = Debug|Any CPU
		{5333D0DA-6FD7-496E-B6FE-D0DD41824D83}.Release|Any CPU.ActiveCfg = Release|Any CPU
		{5333D0DA-6FD7-496E-B6FE-D0DD41824D83}.Release|Any CPU.Build.0 = Release|Any CPU
	EndGlobalSection
	GlobalSection(SolutionProperties) = preSolution
		HideSolutionNode = FALSE
	EndGlobalSection
	GlobalSection(ExtensibilityGlobals) = postSolution
		SolutionGuid = {AF0E4D17-9532-46E6-83D5-0F5894E18BC2}
	EndGlobalSection
EndGlobal
